# hint.lock — managed by `hint lock`. Records which specs have been generated so
# unchanged specs can be skipped. Deterministic and diff-friendly; do not edit by hand.
version: 2
files:
  bin/acp2api.js:
    hash: b62d8f2b96d7552f88890c3d175880281c0203eac54bc032d12742f62a8ca76d
    target: d138996faf0c8f6538f39e03e1563839f49a2a4007c5587c7bfaf6b7b1e28448
    blocks:
      goal Fail before binding, or run predictably: feeb79f4bf5b72fd71f75b023868d077e10714a7de2e05c564b970891c48a336
      scope What this module owns: 62e4db39d183e3ce20945fca7d48a9cc90d5d6159c3d8e20cc368cc1a72dcc24
      ui Command line: 9c7cb04dd316465f852e667f0dc4abc195b0f0efe6bd567c547106029ae70e0b
      ui Command line > rule Exit codes: 47f51cd36afb2e6263c1721782cd116277df07744e4e6a225b48f59c64ec79a8
      rule --check must exercise the real path: 9f510befe17832ef2b9a37d094cd91615ffe280f319c79d3377ac3f96d7baa1e
      invariant The workspace exists before the first request: 7bc4e0a7e4d8a1bf3b5dea255ee08b1deea9a4f8b2449964eea2fbe970139e1a
      rule Shutdown closes the server, which closes the agents: b92bfc1f2f9037c96eb91548528658729c4ff276ab05d018e3d7e20e5fd37aeb
      good Log lines are timestamped, levelled, and go to the right stream: 59a657734c4d5ecad6a14e8e9b3c1f7d9ca3147793d84ce744a878064d371c0a
  src/agent.js:
    hash: fde3bfcbddc762946c43125d874dad5a4f95ddc1b4bc72fb9a78ecbb20d0200e
    target: 4b87a2d2b2cf2f8deafda9a34b2703d29a6115ef1e3aeff6852a5f12f4be7ed2
    blocks:
      goal Own the ACP conversation, and translate its failures into decisions: f1748034d7b9cc98fec9f905ed912b7b3ffcba51862abaa7f1d18186e35e457d
      scope What this module owns: 40b50b7b8b5f695a1d21b557fabe7bdc926f6acdf8e27f601f89c0d66b1a7ec2
      func openSession: a1f1b237ee47817eeb6d4d172c563803c8a3b9c8aec18fe1b2805225c0e7a93c
      func openSession > result: 3c989ad7cb26623ef11f1d27f24c8069dc7fe8f22819f1a5ec2c748d1c5ada3e
      func turn: 568d5b08970294eaa010ea55dd65eb64f3a6640b9e5f36a660991e1ea40c0c52
      func turn > invariant The abort listener is removed in finally: 8327b9de1e7dac738a1310854d6ac5afd238ea0ad8ef6997b97b3eef8d60b631
      func prompt: c9bc320dfba603c9256c3eb118991cf264b4de2560e42383840e4385ad9ea070
      func prompt > arg blocks: 8b663093e4a1f065659329c26353f541e8e66870a75bc3f244a4de2f1e1ffcdd
      func prompt > arg options.signal: 44231df3c8b8f8175674f96ed27d0b15ae696b76752a1c5b2e06a491404b3dec
      func prompt > arg options.onEvent: aaa0cd325e890a2cf30dc296d4489d831ac4a51b736475f5b18fea3728bcd3eb
      func prompt > arg options.limit: efbc7136bba0a7f01c8105092881368a8ee9335553a7b96cd7b814afddb995ce
      func prompt > result: 912944c426fbaaf27fa2dac5c8dc1482eaabe0e6c0b12c3259393298d1b922ca
      func prompt > error AgentError: e1a6be2331fa37916cf348be9f1422dedf71dd47ddda1d46b4cad38f77a8948a
      func prompt > flow: 159731b03b1d490981e904c9b95cb055d0c276237556ab21a4c3deca992970dc
      invariant tool_call updates are progress, never content: b3583269d03819788fd27ab473d3b9daf23c71292164e544c2d038ba2b9367c1
      invariant A dead child never takes the server down: ee9fe862b4cacdec6e0bffa0cd3344a66369406730433ee2f497b7168e830668
      bad Never widen the 429 net to catch an unfamiliar error: bf6aec90b624c1f5bb150271f2b5ffdd4749f783c5b19b12ceb5b19b7344c1d7
      test agent: 5f2da2c01361d82f117a355317df26f5aa4d82f826ff7d5e0ebb825a68703079
  src/config.js:
    hash: 373453386479aded40c648056af7f547048ea118fb488ccce8287bff70077400
    target: 11e208f0970b4602e3e00fd565a17985709726c5753b4a433ec97a9959a65581
    blocks:
      goal The config is the only place a deployment is described: af23a4e57ba6ede9b91abce9a3beb5a9ec005c1612407915c34abd46bcbf1e66
      scope What this module owns: 74bd7c9119676ca047f283e751cdd2196590d949c65d743c15133684ba55794c
      invariant Validation is total: 385a19b1b0575296c9245e12fe4b73cb634dbd40edfb9b95aad7d676797f4b84
      func normalizeConfig: 7a857ea28dd029e610560059280ccd666ef0eb213185247a9c07e614dfe38afe
      func normalizeConfig > arg raw: adb954f817848f7314a681dc0c2991442f0ed78fa792cfb7087a3cbf9dfe4044
      func normalizeConfig > arg options.baseDir: e79e6730509257de82f716b6685e1961f0b7d75864cb96120b4ac8a987b59091
      func normalizeConfig > arg options.env: e1f5e8fedf573c98b073b389bee5f6f7b01125a54dc01761a6c5d28c28f1dd15
      func normalizeConfig > result: 8eb472c7f9ec9a45337d598aa02d0fd44daa977d2f27355e703004ab24d21cd0
      func normalizeConfig > error ConfigError: 9405224d324be6875a82484cb056619be440f1094160eeb663858ee232691afe
      rule ${VAR} expansion happens before validation, and yields strings: 6350d9519ef0bdabe6bf3ddca680300a0031007cc46ab405f6ac5df35db4b31a
      func resolvePreset: 9a3d690c2c3c790a7b348c9a6b350cc7982553a7be2175af4474221859f2c805
      func resolvePreset > result: f926b56161f7dba7d8e475992aec99d92937d0d2f5d663f7e719e36f5720ae61
      func resolvePreset > invariant Resolution never throws: b7e0cda012128a1c7cf8397e381c874609292861d2687ee0a021b39cdf00809d
      rule An explicit command bypasses preset resolution entirely: 295d885ca992e32df0ab34a87464dee2c88184753418ab14046a7a452fc58d36
      test config: 301fcb9155e86554ae57ab007e32dd57685ab3538869f93bcb2d82412c3e664c
  src/openai.js:
    hash: af516af4a11ba7b2a847070fa8e87f3d9c8183ad4ea437843fd4434eb1456c21
    target: e41756e2faa85f483d3f2d54de58c7035dfbc54716010eac6dbb6eef3469cb53
    blocks:
      goal Translate between two shapes, and nothing else: 955663737f6dda9934717a4edb927f8f278384584f7e57a242a4d640466ffa89
      invariant No I/O, ever: f12859433f466c77767b17812765fe9c13dee23832810b6d45f7635201cfd215
      func toPromptBlocks: 811788d58bbd12aeb6d621cec53955dbe9efb3bfc57b564ea61f15fe4c802d10
      func toPromptBlocks > arg messages: cf453aa267a06cdd5a415d709544522c04a53f5d01d56bffb9491f84a78b19d0
      func toPromptBlocks > result: 0f63c9ccc21c90e21438d9fe4b8b8990ab65f0a9a26309865de7dd2b9592a8d3
      func toPromptBlocks > flow: 40f58374469194ae7b5ae518c8fa476df662cf601183088289480e3e01e49b26
      func toPromptBlocks > rule Tool calls and results are conversation, and must read as such: 911d4cfb5885b1177bbf7fa95a76a0c3a677e5cdd4312310dcc2f4742317c623
      func toPromptBlocks > invariant A one-turn request produces the user's text unchanged: b52d97caff4234f0226dda506261f5af3beca4bc44055680ef7684bb9f705337
      func makeLimiter: c8a303fa06f8f331bc1aa9742c911d6167f395ac6dfd7ce17bb865a194843f5c
      func makeLimiter > result: 7b2f66348e7e7eebd4dbad15610f69b5f7e0337ce5dd1bace5611deddcdbd858
      func makeLimiter > invariant The limiter is pure and idempotent: b6f80ab9357633ed636840286abdb88164c428947300b00dc969cb1d15f4a294
      func makeLimiter > rule A stop sequence is excluded from the answer: b63d14c237182ab46fbbaa0f88e0bc75ae250c3dca5bc99394d2ba6e90e06fab
      data estimateTokens: cfbdb61d1b3bfdfb1d9ea07c2a59d1b742ca1ea4a43a33125fc6541fddca701b
      rule Response builders never invent fields: b9bb9fdb0b65d73123de4d37adb44355c36e9b20ac009ab7ed3e9df04fd5d13b
      test openai: 8fc54179bfb4ebdc3990d781b071293547ab5559d404e723bfa03b752aa9a3df
  src/params.js:
    hash: cead240b0d0215a5c4d11c129622a6c892f81dc613e9a52527f3bdd46f70b23f
    target: 5bb3f247fc3619292d129a17713ea5779bcbab4a172d866760cb52241e8ff766
    blocks:
      goal Decide what an unsupportable OpenAI parameter costs: 95aed719999e8ffc178cb8dcffdcc99a75f45defd4d70f45e94b67a8017a73aa
      invariant This module imports nothing: b343d1f6162a8d11aa03ead30649926dfec789b2ce3632a1a280ecccdca2e6da
      invariant Every parameter is in exactly one bucket: b2069c1cb3c4f1c8f3cad841eae8006d72b964ad71cc6d8c5677ca2f7415211a
      rule Adding support for a parameter is a bucket change, not an if: 0d9ac8eec92ed0fef9d2f1631c65ef67f8dde475d0cbdeaf10fe88e87d103e1e
      decision Tool definitions moved from refused to ignored in 1.2.0: 037412a86c4c3dfb012ac358fd06ae0a3cb9d27aafd6e09e280b536b0f6889c6
      func classify: df2f5268fa9d4629fbc7c03fbc804bc96f73f38f7d971e522646550edb406c59
      func classify > arg body: 47b0f442832b04925894f59132ad6eabb2770a747e23790d7a21a4c6f09ffff6
      func classify > result: f5885c42acf6486b9c70eaae95ecff2fc9be252795979f683d53f1db991bd8fd
      func report: d22733266027758e0bd68e112e746f6468b98ec6a522198d63fbd2ae9928f895
      func report > arg model: 7dd866c91aff110f0e5e13388d8583a07d142b6ae2d2a9db57f71b4a6e339d58
      func report > arg ignored: 5ce5dc8200a0bb7bacdfc89d2a4c901778600a0c70d542f9422018a84a0821e9
      func report > result: ddd4589c25516b014ff577dd3b8bbb19d4562a9e89c357281f6da30e33dbc6f1
      func report > error unsupported_parameter: ab3b911f85db63ce0aaa077b552ccec6a4031a2e056c079e9a9b6efc92ef7e06
      func report > invariant One log line per (model, parameter), for the process lifetime: 2155c49d94cc3167d5d847bedede1da65795d2d022e459adb83242fca05fc5cd
      test params: ac2ab486800581c3caed7048dba0a9a916af97f500a3e57df74bc9fe2e2c39b3
  src/responses.js:
    hash: e49eb3fdad0b30d547449ddd195c10742e659a430675e5da4407e5149c598649
    target: d0788713eb5175b2c924fec48718c15bca4d8476af8cf80b82b7f1f8959817c3
    blocks:
      goal The surface that actually fits ACP: d395b4fdeea633ac8b4a04fa85c15b0b2f3a2d7165ca598e184f19a89d79b35f
      invariant Pure translation, like openai.js: 2e7134cd7359754482238d1c2cd6723c55d2619eddd589ff38585d05bf53e0fe
      rule A continued turn sends only the new input: 72d9d5d829e1a2ee735a9572b904262cc2f14ba78270d4795f75e2aefbd79401
      rule reasoning.effort is per request, and re-applied every turn: fa50a9efa502f969a3d7405ca048300a223af3ad0ae48645408ac7bb8ed93dcf
      func parseResponsesRequest: 4103943c14493dbd2328c334fa7d39973887d786a010b5695dc9a10b66cd712f
      func parseResponsesRequest > result: 003eba0fa66176dfcc63675d8ea09e0c4266dd3a985eaf579c9cf7f854332d10
      func parseResponsesRequest > rule store defaults to true: 86f7c7b52ddc210fa169ac7e140d4e285dfec926f1642fed17e7ad61c705684f
      func parseResponsesRequest > error unsupported_parameter: 4d16f6676773ad580607cc9544772b255494519ff1c51c8af57e3a2b7f757b40
      func responseObject: de5c5d151105a908f1c88a17f26cd2d4da23174e55c2d818457e1701e5b46864
      func responseObject > rule status comes from the ACP stop reason, and incompleteness is stated: cd398b700992d3429b73c581f58023fd363dab9ebdb07733674de3fdae7f5123
      rule The stream is ordered, and that ordering is the contract: 76a4e309bd422a7e20338d09b22d2824ccfbf2639c0e155c77439d5aadcdc3ee
      test responses: a02cbf4ce60c6c14514258ab32035123e8d23f0c4a4503318640d921afb88ea7
  src/server.js:
    hash: 71faeb9d4622b9e8dcce45c2120c960e31518b8b14e23763d64383bf0ba47313
    target: f4fa963ea05b04444d862e80235f22dafbf6dad1bd480c3691f2596f42dc6efc
    blocks:
      goal The status code is the product: 7f5b1a71637b2e5441dd12e8a213ca0ce8eab1c595f84d015740f82a8f64fd86
      scope What this module owns: 4f3a55599f250c73bdede6f27753dd3f184438ae6d27c62c684102d7534f1869
      ui Routes: dcfee00ed0f85c60bed9f426a5132ad369b3d0e88f685ff1205bce32da3e80a5
      invariant Auth compares in constant time, on both header spellings: 7a863748e83adc88a3b83ea82f8cd2bed1fa96331bcc36c24f29ac839b0a774a
      func handleCompletion: c5df34909a3b262b9c0fef2fd090d3d5857c547c7696385d773653582b130763
      func handleCompletion > flow: 363b68bada0234d2fd3b2e085c49e34ba542fb774cd31e407b30ed6d62f2bcdb
      func handleCompletion > invariant Timeout and disconnect are tracked separately: 937414eff0730a6f7d0eaa6d294f9ab4a93f9a48fd4067058456c090b754d8fd
      rule Streaming headers are withheld until the agent produces something: 3116183bd31ba358d2935f24827d04acf7a3057f2129fbfd1ae5e3f7ddde26ff
      rule Every response carries an OpenAI-shaped error body: 808711ce073af6f143deeb64fcd768d9989a1d1a6151df1fa486e0a9ca457c16
      func handleResponse: d749dea9aa4468b511d930ef8086ef6ddacc4caca24031c1109d1bb547020856
      func handleResponse > invariant A conversation is pinned to its agent: 9d3ec31344ff11e74bea866f319263fa432df4dd1ca6d449f89d02ec8217f7bc
      func handleResponse > invariant A failed first turn leaves nothing behind: 6ed4c657b23d4ea3dcf87dbf551fbaeafeffa2e0e2c6f4a58a5fd9b47adb59f4
      invariant Closing the server closes every agent: 315bc80e3612937b67068e06fdb2059752ccb7edda060e44e7497387159f04b9
      test server: 0b0b4d88623599ee329a0d9c793cd5578ede20927f89f0b93ca57631fd88728b
  src/sessions.js:
    hash: 68462d5787d8e5ad21507ddc9de42182a1d24f7a4beb27b21cf3ac10541d6850
    target: ec02ef1b540ab60bd975b4b5d5e8e18c3fd19e9c32ac673990f66e48872164bb
    blocks:
      goal Keep conversations alive without leaking logins: 21d91386497248afb75265c83c7e8844c46df84cd811f8d6d310d6b6af31273b
      invariant The unit of retention is a conversation, not a response: ec50861fa9dbcf1e5e4afe3d2fd2f68b4d8f9439dc442a68430ef69d387f1bea
      invariant Every path out of the store closes the ACP session: 4ce284435590a6314b850d4456b6ea16514958fed8d8b6d7e8c59af57186c84c
      rule Eviction is by last use, never by age: 031edd8a154852475376bb2b45e2829417cddfd8c367a9e0f76eadb936c80dba
      func prune: de3a0bbf6a714099aada126dcd8e451e2fc289380e6338a55aff2abe76e33b7c
      func prune > arg agents: d8422b3bcf479ebc8f5d12d6b672498c2900e731c1072b71127eb267dde4741e
      func prune > invariant No clock of its own: 6c9a7d4091d92c670d827c2f6c47075fc873a1200f8eb245e4d046ba06bd3396
      test sessions: 0ba132a8ba82d5cc05915893c13eb3feab85d7a3b780828fab6d541270ebe3e4
  test/fixtures/fake-agent.js:
    hash: d42f8a461962de6eb81c48d7b363bd06b5ee018bdd1f123577f098b65827863b
    target: dfe1f9f2602b55184baf6f1eb99061ead4fad64cb2f52a3a595b0cfcc5069f94
    blocks:
      goal Prove the wire, not the wiring: 17d265dbad00362dcd608b670dc28b0ade984644220a31e8f2371da95efebbce
      rule Extend the fixture, never reach for a mocking library: 08d0b55afcfcf216eb1cec8ae8750fd24d0a760ff1de3414f8c461140563b5a1
      rule Prompt keywords: 28cd18de392f73061a6f7fa5063fc1df47cb4074d7ddfcdde14575bc335ee80f
      rule The option set must stay unstable: e06d9cce4804ae10874e332c9a046f90af88a0aacec5e0e88299c3d8d15344c6
      invariant Every prompt turn is cancellable: b3056bee22af380502fa4a3f8c3b047b001681307ad6aba2647239f8ecd34415
      invariant The fixture advertises what it implements: 4a88fef52b9955f68cc5be7226998476a9a7aa442b507f9f4022eabd89d8ee84
