# hint.lock — managed by `hint lock`. Records which specs have been generated so
# unchanged specs can be skipped. Deterministic and diff-friendly; do not edit by hand.
version: 2
files:
  bin/acp2api.js:
    hash: b3b5055391afc6774ef703cb8291f3c8b14c70c1d190d9f2b8436e3156f1329b
    target: 4fc3735999a6f80c0d58badc8f1a5e1b9c41fbc58f0c5b7c134b9d7ce50323d0
    blocks:
      goal Fail before binding, or run predictably: feeb79f4bf5b72fd71f75b023868d077e10714a7de2e05c564b970891c48a336
      scope What this module owns: 62e4db39d183e3ce20945fca7d48a9cc90d5d6159c3d8e20cc368cc1a72dcc24
      ui Command line: 105699faff65f46ceeafc8970888afb54d9f67193de5a19b4210d1585fa5c3f4
      ui Command line > rule Exit codes: 68eefdd1c808b822471c52e3393cca0c907d33952c33b436465de95e244f51fa
      rule --check must exercise the real path: 9f510befe17832ef2b9a37d094cd91615ffe280f319c79d3377ac3f96d7baa1e
      rule --probe is the safe live vocabulary check: b93305fb2cfc06df12d3722f3799ddff9591e14882111d261cfd4a3840bfa895
      rule Listener errors are operator errors: 6d7f82c6062250a9334e4be6e36e529875a0f546a6f703a063ed7355ec69fd4d
      invariant The workspace exists before the first request: 7bc4e0a7e4d8a1bf3b5dea255ee08b1deea9a4f8b2449964eea2fbe970139e1a
      rule Shutdown closes the server, which closes the agents: b92bfc1f2f9037c96eb91548528658729c4ff276ab05d018e3d7e20e5fd37aeb
      good Log lines are timestamped, levelled, and go to the right stream: 3240818d4cd5b088ffa251cf14cbe1f5213ad0e45f8d647df2ca7852cdfbb8c0
  src/agent.js:
    hash: 53ebc4f157bcfb4845291e83fee9da84da0039f87a2aaba0dc62d360402100c6
    target: d77782569325833854bbffd9f3b31eddd66c2ac68a5bb2058b5662b986f92f0d
    blocks:
      goal Own the ACP conversation, and translate its failures into decisions: f1748034d7b9cc98fec9f905ed912b7b3ffcba51862abaa7f1d18186e35e457d
      scope What this module owns: 40b50b7b8b5f695a1d21b557fabe7bdc926f6acdf8e27f601f89c0d66b1a7ec2
      func openSession: a1f1b237ee47817eeb6d4d172c563803c8a3b9c8aec18fe1b2805225c0e7a93c
      func openSession > result: 3c53f26553929c3cfce944da5609f82ae67e7f39f9f12543cfa8cc972f05b29f
      func turn: 568d5b08970294eaa010ea55dd65eb64f3a6640b9e5f36a660991e1ea40c0c52
      func turn > invariant The abort listener is removed in finally: 8327b9de1e7dac738a1310854d6ac5afd238ea0ad8ef6997b97b3eef8d60b631
      func prompt: 76996b85aa5ee4b09bf4c6036df3e4a0e44d0108f718ef166eff271a1d182afb
      func prompt > arg blocks: 8b663093e4a1f065659329c26353f541e8e66870a75bc3f244a4de2f1e1ffcdd
      func prompt > arg options.signal: 44231df3c8b8f8175674f96ed27d0b15ae696b76752a1c5b2e06a491404b3dec
      func prompt > arg options.onEvent: aaa0cd325e890a2cf30dc296d4489d831ac4a51b736475f5b18fea3728bcd3eb
      func prompt > arg options.limit: efbc7136bba0a7f01c8105092881368a8ee9335553a7b96cd7b814afddb995ce
      func prompt > result: 912944c426fbaaf27fa2dac5c8dc1482eaabe0e6c0b12c3259393298d1b922ca
      func prompt > error AgentError: e1a6be2331fa37916cf348be9f1422dedf71dd47ddda1d46b4cad38f77a8948a
      func prompt > flow: c1be841f66226f5777474d1e0367e22534860bbd7710767f709df9a62f7a1cff
      invariant Streaming never outruns stop-sequence detection: debfecff43c25d8839a76fc7f028ecd80400892e673d612783f7ac5056b956a7
      func probe: 715b30fff7ccfa8055a9b0fcd64eb6af765e4dbfafea9ec748d37e88b7ac4899
      invariant tool_call updates are progress, never content: b3583269d03819788fd27ab473d3b9daf23c71292164e544c2d038ba2b9367c1
      rule A tool call is what proves the text before it was commentary: f1f012972d81fec9508e649de6fc0711a03b4f943f66df786042b70ea1f6644e
      rule A prompt can be delivered INTO a turn already running: c179bb361232be737d17ec2ead207eaba6021088da8fefaabda9e77ad9cdb6cb
      rule This module routes session updates itself: b3916bf4a055d582a06ee690bfc20bb0b7a95b4c05d8e25808168d9bff745a4b
      rule A warm base is forked, never used: b6bb860ca9d53c239224a7d470007c79d18c598917bb23dcd6e867dc774871a1
      invariant Fork is another session-creation path: c08eaa58017c66b6acaae3b66bfb042b3694eb294edfccd10ce92ec6025cd804
      invariant A dead child never takes the server down: ee9fe862b4cacdec6e0bffa0cd3344a66369406730433ee2f497b7168e830668
      invariant Every request to the child uses the single deadline wrapper: bb648408a4784884776d1a26c5d76d17bbc43722f1b41aaaf37720b8fc901068
      bad Never widen the 429 net to catch an unfamiliar error: bf6aec90b624c1f5bb150271f2b5ffdd4749f783c5b19b12ceb5b19b7344c1d7
      test agent: e44fc6e39b46678911251a46602fbf268ad5111d41c0d0e7c0af8ad47d33ad74
  src/config.js:
    hash: d24db579cb1dd9633a4c7180087d2e440f459518e4cf42b27f3cabd69d56dc49
    target: bf9b632286f301a9eb074ad55330d173616a54a57ab5973b7ced53942bcf6bde
    blocks:
      goal The config is the only place a deployment is described: af23a4e57ba6ede9b91abce9a3beb5a9ec005c1612407915c34abd46bcbf1e66
      scope What this module owns: 74bd7c9119676ca047f283e751cdd2196590d949c65d743c15133684ba55794c
      invariant Validation is total: 2b7ef5684701380ff853509ce08baa946fcadcbdbf7454adf74a002b14ae7d6f
      func normalizeConfig: 7a857ea28dd029e610560059280ccd666ef0eb213185247a9c07e614dfe38afe
      func normalizeConfig > arg raw: adb954f817848f7314a681dc0c2991442f0ed78fa792cfb7087a3cbf9dfe4044
      func normalizeConfig > arg options.baseDir: e79e6730509257de82f716b6685e1961f0b7d75864cb96120b4ac8a987b59091
      func normalizeConfig > arg options.env: e1f5e8fedf573c98b073b389bee5f6f7b01125a54dc01761a6c5d28c28f1dd15
      func normalizeConfig > result: 8eb472c7f9ec9a45337d598aa02d0fd44daa977d2f27355e703004ab24d21cd0
      func normalizeConfig > error ConfigError: 9405224d324be6875a82484cb056619be440f1094160eeb663858ee232691afe
      rule ${VAR} expansion happens before validation, and yields strings: d89ef41565ad5c607d83de525b0eabae40769f72127641d31cb04b8eacf1970b
      rule Listener addresses are normalized here: eda08be117e584159c7b3ed4c21770a35fb3c32e39b374fea667408480400dc9
      rule CORS is an explicit exposure decision: 4bafd644033c80d540f3c03ac0d87eeb4fda5a877950cdb14b3e36995a8b0597
      func resolvePreset: 9a3d690c2c3c790a7b348c9a6b350cc7982553a7be2175af4474221859f2c805
      func resolvePreset > result: f926b56161f7dba7d8e475992aec99d92937d0d2f5d663f7e719e36f5720ae61
      func resolvePreset > invariant Resolution never throws: b7e0cda012128a1c7cf8397e381c874609292861d2687ee0a021b39cdf00809d
      rule An explicit command bypasses preset resolution entirely: 295d885ca992e32df0ab34a87464dee2c88184753418ab14046a7a452fc58d36
      test config: fdcc46de9f5e7fa2693b208338ce025aff74197396377864598ab0482566dda6
  src/mcp.js:
    hash: 4db5b16e8ab4a7e5146985c22665f311ccd3911132ca8b2f4ededf69f9dfd4b2
    target: bab67bef83ebe5e4bc26f2169ae87f78af99911571409d28eef43f3be3f45079
    blocks:
      (preamble): b3b7f3f2811af89ddea17f4af0504e85a4fd7af4c6b1bd28105eff84b3e35840
      application_context The caller's own tools, served to the agent as an MCP server: c2187d5bce8d94ccece67d72acc47e41b9fda6937a7d415e4aec8fd29ab4ca22
      decision A tool call is PARKED, not answered: 6b276de48bdff1fc2f75f7d6aaaa1c79d396879accfdacdfebc1906d917627b9
      invariant The path token is the MCP credential: 38b85478fe598ef163de963fad11b607bb4312e60cd41ff49c6f17ece12f2271
      "system_invariant Transport: stateless streamable HTTP": 36a1a37dc265fa561ef7c984df1cbb093b37b51892764070feaa74928c768e7e
      verification_and_unit_test_criteria: c4a4ffc3f5ef1c4d697fbe8a4772a64f32c998001f6463872f706fe9aadb24cc
      scope_boundary What this is not: 428290e591d79576ecb4ab2f8cb471de74c76c85db79e6e7abf0166821e9b21c
  src/metrics.js:
    hash: 6172931a99be65a071a5510968fd179d762f604760cd0cf89a018c7488f4f5f5
    target: aae28db1ea8af93fa846916961930882fe0512f92d5bc4222244eae1b7012728
    blocks:
      goal src/metrics.js: 6d159fcb01422176876a5fa27b8d55cd75307070fd2bc86d1c73ffc3ee5bbc93
      decision The bridge is the measuring point, not the agents: 010121a799ad2a47bbcd5945a4c27159482aa32126092c1286c6611133813c30
      rule Where each number is recorded, and why not anywhere else: 43d8ddcdba23f740234e55478de589883bd9dd6ffbe345094c1e5721b88e3453
      invariant Silence must not read as zero: 7cd3a0f80521524b2d74b243bcdad4042f7141e96e006179c1bc4a9aefed9c77
      bad Two labels that must never be added: 59f8aab6f1ef5535463f9aaef6f01de867e451af1dbae5e6b1d9e6ea1cacc67f
      rule Operator labels are declared, not discovered: b880aaae6a51c01bd266171b4fb9f0ff9eb7676c5b065ac3c5dd0875db9080c1
      rule Quota is not here, and that is deliberate: f127bdde723adefcde8c3a600b9e638b373c71a34bfb627c167ae2bade13b765
      rule Counters are process-lifetime and in memory: 547c60a63efa014a1c74d5099aa53a84e549d9e3e57a9e75e8f1ab126a963c48
      done Acceptance: 99af01fa71db3a33f09368f59867ef75f0dade08d8fc083ed2640059677e3e3a
  src/openai.js:
    hash: 585d620c43dbe362b8871fd079c0b72ae2a5c0c1e7c1b7a55a0f298396eed6ee
    target: ff5f5ca44c7eea7205f6ec128ac13b776a5f44201f82f48840cd2b71e3bc92ae
    blocks:
      goal Translate between two shapes, and nothing else: 955663737f6dda9934717a4edb927f8f278384584f7e57a242a4d640466ffa89
      invariant No I/O, ever: f12859433f466c77767b17812765fe9c13dee23832810b6d45f7635201cfd215
      func toPromptBlocks: 811788d58bbd12aeb6d621cec53955dbe9efb3bfc57b564ea61f15fe4c802d10
      func toPromptBlocks > arg messages: cf453aa267a06cdd5a415d709544522c04a53f5d01d56bffb9491f84a78b19d0
      func toPromptBlocks > result: 0f63c9ccc21c90e21438d9fe4b8b8990ab65f0a9a26309865de7dd2b9592a8d3
      func toPromptBlocks > flow: 40f58374469194ae7b5ae518c8fa476df662cf601183088289480e3e01e49b26
      func toPromptBlocks > rule Tool calls and results are conversation, and must read as such: 02c15bec8ad8a4a3833fac709c34774c9c0f65f6b840ed0af95ea2badff0b383
      func toPromptBlocks > invariant A one-turn request produces the user's text unchanged: b52d97caff4234f0226dda506261f5af3beca4bc44055680ef7684bb9f705337
      func makeLimiter: c8a303fa06f8f331bc1aa9742c911d6167f395ac6dfd7ce17bb865a194843f5c
      func makeLimiter > result: 0f3a933b571dd93a59b684fd23ad5d1aa438a4498ab5801d8f8e483b53be02e4
      func makeLimiter > invariant The limiter is pure and idempotent: b6f80ab9357633ed636840286abdb88164c428947300b00dc969cb1d15f4a294
      func makeLimiter > rule A stop sequence is excluded from the answer: ab40ec841e0b2bddea2adce4bc848ba2efcbdcf73720c878af3850367fb188e8
      data estimateTokens: cfbdb61d1b3bfdfb1d9ea07c2a59d1b742ca1ea4a43a33125fc6541fddca701b
      rule ACP usage is per SESSION; a response reports per TURN: 523c234d5b0b9dde112d2ee76fbac4f7e84001e0110e6437dd5fdebd98bdcb71
      invariant One canonical OpenAI usage mapping: 87e000b917c66301a124110cad5246be02c8301c7358bbec1abcaebfe1e19ab9
      bad The two models disagree about what "input" means: e117780df32ee46ccab0c448122c9360febe2a4669f11350ed26e09c5dc52f1f
      rule Response builders never invent fields: 27cab814126b5c04a57e6f9ac86c2ac9475be7190ac62fce5dacd63ad6a4f717
      test openai: f3ec729306532bc1798048febe2effe0ee4ed864a3877493362be1a1f3177f60
  src/params.js:
    hash: b875f0fc1a810b120c637f741dc1c21fb278ec5ad4ee5208724e1ee1bb42a888
    target: 30066242149bc81b68a4db2d5e9feb1efdbdeac9e22711dbf206b62ff56a2387
    blocks:
      goal Decide what an unsupportable OpenAI parameter costs: 95aed719999e8ffc178cb8dcffdcc99a75f45defd4d70f45e94b67a8017a73aa
      invariant This module imports nothing: b343d1f6162a8d11aa03ead30649926dfec789b2ce3632a1a280ecccdca2e6da
      invariant Every parameter is in exactly one bucket: b2069c1cb3c4f1c8f3cad841eae8006d72b964ad71cc6d8c5677ca2f7415211a
      rule Adding support for a parameter is a bucket change, not an if: 0d9ac8eec92ed0fef9d2f1631c65ef67f8dde475d0cbdeaf10fe88e87d103e1e
      decision Caller tools are classified first, then server.tools decides whether they are served: 0371befd05a9597ffb85093c2f5325e926b9dac5e0b2ecfb20fbbaeb8047667b
      func classify: df2f5268fa9d4629fbc7c03fbc804bc96f73f38f7d971e522646550edb406c59
      func classify > arg body: 47b0f442832b04925894f59132ad6eabb2770a747e23790d7a21a4c6f09ffff6
      func classify > result: f5885c42acf6486b9c70eaae95ecff2fc9be252795979f683d53f1db991bd8fd
      func report: d22733266027758e0bd68e112e746f6468b98ec6a522198d63fbd2ae9928f895
      func report > arg model: 7dd866c91aff110f0e5e13388d8583a07d142b6ae2d2a9db57f71b4a6e339d58
      func report > arg ignored: 5ce5dc8200a0bb7bacdfc89d2a4c901778600a0c70d542f9422018a84a0821e9
      func report > result: ddd4589c25516b014ff577dd3b8bbb19d4562a9e89c357281f6da30e33dbc6f1
      func report > error unsupported_parameter: ab3b911f85db63ce0aaa077b552ccec6a4031a2e056c079e9a9b6efc92ef7e06
      func report > invariant One log line per (model, parameter), for the process lifetime: 2155c49d94cc3167d5d847bedede1da65795d2d022e459adb83242fca05fc5cd
      test params: b266c77cf77f05ae6177dde5749784bc0db4d00c8ec6ca1dcaacbe29fdc7d0b4
  src/progress.js:
    hash: dc8e03854fad741da238d5f261641dc20946ed1a361aaf9beb83b0563dafd7c0
    target: c9be30b6faf1f035e9d6b18a367d5f627cb375adef35b05dc82c4578493567e6
    blocks:
      goal Make a running turn legible without changing what the turn returns: d1e74ca470e0addb7e5b3b496450eb02b04e8850fe7c5eda54cd9e97e3d1fb45
      invariant Notes are never part of the answer: 9b73bffaf4fef106c6707b3b5a3d78642af338fa9427b1c50c25754e423c8aa3
      rule Report transitions, not states: dec88f40e212002bf709cb19b0b531976379c0e52f0f1e8d91170979eddc12f4
      rule A diff is measured, never pasted: d297472391f06237a30a253055f5dfece0979b4293e0b6d255ace4caad243178
      rule A tool call is many updates, and the useful parts are in different ones: 9429e335bb6be250bd1f125e1abedc11660b971bc9b7af6d94b562570e04b1de
      rule A command is announced by WHY, and the command goes underneath: 780edaa18ac014628397e4e7f44e8b0fee9abe490765c9663f8fbde55268e6e7
      rule A command's output is tailed, in whichever shape it arrives: f619054c8b1315daef33455da89bb1cec3066cc9e9394b317f61e9683d335998
      rule Every note is one line: bc3c4d6870c3b11f520e2e565fbe4a43af1c85108da70cd2e1156c2b577a0ad8
      test progress: 33186c5d620168e7a6091616cde0d9c3d05e7c8e0b898203e9c90c1dfbe70096
  src/responses.js:
    hash: e03d52e7be6b1687e5f2b8452eb1ab0ac55720b9424b4f82ea1fc97ebe62f343
    target: 96a1f66541f2ec0bc390783ae25bfb95f0c9f00e55168b03aea42dc9d70c4baf
    blocks:
      goal The surface that actually fits ACP: d395b4fdeea633ac8b4a04fa85c15b0b2f3a2d7165ca598e184f19a89d79b35f
      invariant Pure translation, like openai.js: 2e7134cd7359754482238d1c2cd6723c55d2619eddd589ff38585d05bf53e0fe
      rule A continued turn sends only the new input: 2ec0fafe39017b015b66105434cd875da7c67e88025ac4342f3d86829621c38d
      rule reasoning.effort is per request, and re-applied every turn: fa50a9efa502f969a3d7405ca048300a223af3ad0ae48645408ac7bb8ed93dcf
      func parseResponsesRequest: 4103943c14493dbd2328c334fa7d39973887d786a010b5695dc9a10b66cd712f
      func parseResponsesRequest > result: 5df39abd11218d307868d1935e613d128b87e0d313cb5c7d844d32e197c48ea8
      func parseResponsesRequest > rule store defaults to true: a5a4a7aba78da8fab5f8d1d1a41546ce028c4fbbeb9711eb33ab0bea841470a1
      func parseResponsesRequest > error unsupported_parameter: fbaea481e7309f7ce4a42d7675d4c4ede49e5838b40c98bc6f9f9654c469d840
      func responseObject: de5c5d151105a908f1c88a17f26cd2d4da23174e55c2d818457e1701e5b46864
      func responseObject > rule status comes from the ACP stop reason, and incompleteness is stated: cd398b700992d3429b73c581f58023fd363dab9ebdb07733674de3fdae7f5123
      rule The stream is ordered, and that ordering is the contract: c8465d0dbb7d171221dd9dc8afddca3d3999759d0f502a3fcab573750c14a786
      invariant Responses only renames canonical usage: ec2a9dc4dd6040da0efc4461529b85c442c4e58175d4a2d170ae2320f32aa3b3
      test responses: c0873bf93ae37d0254fe34164e275523fc045b1900bcb58382f5984ba4563162
  src/server.js:
    hash: 78214b93a9f8625bcff033d7095c8bb4ed4866df2f05b7f4ed44e3dcf15d06e7
    target: bba26569888dc69e4c42b01440c907c910389bd9467e88bb380f4c7e64b1d3bd
    blocks:
      goal The status code is the product: 7f5b1a71637b2e5441dd12e8a213ca0ce8eab1c595f84d015740f82a8f64fd86
      scope What this module owns: a057aff980e722734c52795a75b5d03c3c69dc0a71c85f91835705e3615bcb5d
      ui Routes: 51c9142ffada94904f93a1152e45928b55c355fbb32f1f4d69f3c3d59841c40c
      decision Authentication belongs to the router: dc5583b676c0bdcd116ebc866904d18e8a5acef9ca3001fb1f18c5b407b55572
      func handleCompletion: c5df34909a3b262b9c0fef2fd090d3d5857c547c7696385d773653582b130763
      func handleCompletion > flow: 8edd2b8c0dc923662497f775e947dd0fdd90a1c70f6b40c6bde09275823b7c8d
      invariant Every HTTP surface uses the shared turn lifecycle: 5749510955e6937d141bb9730b2a60e483c8557d0186d20ed25ad5539bdb9522
      invariant Every HTTP surface uses the shared turn lifecycle > invariant A session that never answered is discarded: e6bc789e724c205ef5274911a620b4ca380cad0ffd9c0352f1bace47cd01fd08
      invariant Every HTTP surface uses the shared turn lifecycle > invariant A dead session retires its conversation: 9188eb8c3213c0bf805aaa89fd326914c7a00efe8d41cc2bd5933bb21461e918
      invariant Every HTTP surface uses the shared turn lifecycle > rule A turn nobody waited for does not cost a KEYED session: 1e6598b0c96cad34a5f96eddd7f86ed4f2ec1526d2e4ea308d9d077e5de99d18
      invariant Every HTTP surface uses the shared turn lifecycle > invariant Timeout and disconnect are tracked separately: a71f5487c303cd2b70468975fef12412be7aec436a9bf753be4e03744d87e489
      invariant Every HTTP surface uses the shared turn lifecycle > bad A conversation must always have a way OUT of a suspended turn: 6d702f7d8276f4ef9eccc5bd5384150c4324a0628417db1b0dede7116bbd500c
      rule Streaming headers are withheld until the agent produces something: 8bbc3b9fc5b420f4ea7868731652145c26657da505f492ed2ea05389b684b406
      decision Coalesce a stalled stream; do not stall the turn: df672d4f3135d373be2eab1c01dfbb2a1d3943a58afd80b34a69d2c5a1dad77e
      rule Every response carries an OpenAI-shaped error body: 808711ce073af6f143deeb64fcd768d9989a1d1a6151df1fa486e0a9ca457c16
      invariant CORS is opt-in and covers the whole HTTP response: eb6e90a4be0a21c4f596b70189d8e9d0dda5ba117386161586736f927ba53b00
      func handleResponse: d749dea9aa4468b511d930ef8086ef6ddacc4caca24031c1109d1bb547020856
      func handleResponse > invariant A conversation is pinned to its agent: 9d3ec31344ff11e74bea866f319263fa432df4dd1ca6d449f89d02ec8217f7bc
      func handleResponse > invariant A failed first turn leaves nothing behind: 6ed4c657b23d4ea3dcf87dbf551fbaeafeffa2e0e2c6f4a58a5fd9b47adb59f4
      func handleResponse > invariant Responses tool turns keep the same escape hatches: 4d1fbac573cb38d12fa5519bfa47b0b2a05e46a2466c121ba95d48d5cf65507e
      invariant Closing the server closes every agent: 315bc80e3612937b67068e06fdb2059752ccb7edda060e44e7497387159f04b9
      test server: 974241c0c4fb647f1dbbfc386f1f605d2b65f8095544e6fda528495837d54281
  src/sessions.js:
    hash: ace3c1835e8f1c1c85d82cf8025ed1774256adc2918d10f475c91b19a1856bb1
    target: 0e8220e1a212e3ed95a01e8eec2e1e090574d7161922abef5b732a0064cbe06b
    blocks:
      goal Keep conversations alive without leaking logins: 21d91386497248afb75265c83c7e8844c46df84cd811f8d6d310d6b6af31273b
      invariant The unit of retention is a conversation, not a response: ec50861fa9dbcf1e5e4afe3d2fd2f68b4d8f9439dc442a68430ef69d387f1bea
      invariant Every path out of the store closes the ACP session: bafdc76cc6819cb9ed49e7b93c481f127c9c8c4ef7bc6d6fdca55c47f4ea1a48
      rule Continuity turns a stateless caller into a conversation: 6ab76d4059b6d1a71e33ff9a778439dc1f20471a3503b700caab57f73192bebc
      invariant Suspended turns are reachable and self-releasing: a0b82757ffe204a37a117ecdc9cd82096ba2b8ae8087543e32c004b79095abb8
      invariant Matching and claiming are one synchronous operation: c97c8911f55f183b4b6f54b69efc402c824c3f182dba0cb9ee85e08dc1f51b2f
      decision A keyed busy conversation refuses instead of forking: 16cc0b65b22842e3720dad603f6dcee83b6a5fc05a7fa4eab34b4eb7608839fd
      "openquestion Rename server.busy: fork": 0594f090c28d87909e8efdf53b1d73c2ac5000d66432b408d638be71a95660a6
      rule Going quiet costs a session, never a conversation: 868c95d3f841706584993362e2b15da462b3cf6b768111bc2138da73b72b3353
      rule Eviction is by last use, never by age: 7f28405dc2aa50602ad7b07abbd9473acdf3e1cfc5a7cd56be5c793e7549b179
      func prune: de3a0bbf6a714099aada126dcd8e451e2fc289380e6338a55aff2abe76e33b7c
      func prune > arg agents: d8422b3bcf479ebc8f5d12d6b672498c2900e731c1072b71127eb267dde4741e
      func prune > invariant No clock of its own: 6c9a7d4091d92c670d827c2f6c47075fc873a1200f8eb245e4d046ba06bd3396
      test sessions: 102e6de3902409a9cfd428fcfc63afcea515198f44d94b75e135588d8125c4d6
  src/terminal.js:
    hash: bfa82662d6fbc00f51228945262bc6acfdf93d0370fa8226fd14a8c7f4107cb7
    target: 75c1a0237c2f7a39d02af711201a9e6f1188efb90c96e3f1177e9d12dc8b8893
    blocks:
      goal Run the agent's commands here, so they can be watched and stopped: 3bc7466741b22821e73161d1da0f383887bae50e4969fd403cfe256f55382d2e
      bad Neither bundled adapter uses this, and both say so in _meta instead: c0eef118e92005d6e83f7e4551acaecc9d96e73efd22058cd65513516c4d4942
      decision Advertising terminal is a transfer of responsibility: 4087614f6f776a0c6c5eee9aa53a361116047c0c258192d502f63481e93d7b85
      rule Kill the process group, never the child: 933578908ee12a2cac3c3f8595d06e897794c6aed80ca474e7816a412cb62f42
      rule Truncate from the beginning, at a character boundary: 6397ea2881dbd8fd4cfd483e7a4bd2dea851de9eea9afdcd04f49f8374885c85
      rule stdout and stderr are one stream: 1e9d6b9b43ef7cae31d213db1fa5650cebf57814c85f88eb07d240f890b617e4
      rule A refusal must be legible to the agent: 8258fb92426596f72d8bfcca92291d2c1c8cfc3132aa8d0c2a67133bd6576598
      bad Never let a command outlive what asked for it: ae314d725a9d491e2e826a955eab0898c8ee603ac4d02b5e355e35a6c702dd97
      test terminal: 1f55586c7d62ce2f519ee0d18e1dbc268a80e6e58f59507aa7a8ec780b6aa66e
  test/fixtures/fake-agent.js:
    hash: 2a811b1f7f0dfef202cc09ad1d3f812402542a9f2cd0dbd74d69fd35f7463f3d
    target: 6665555086be4ea83e6a73d845147149fb88ae475f303497aa0d069fdaf7a626
    blocks:
      goal Prove the wire, not the wiring: 17d265dbad00362dcd608b670dc28b0ade984644220a31e8f2371da95efebbce
      rule Extend the fixture, never reach for a mocking library: 08d0b55afcfcf216eb1cec8ae8750fd24d0a760ff1de3414f8c461140563b5a1
      rule Prompt keywords: f6258750480a1234e19357398086c0d8102258b1f10db611e7a8ea4277cfd758
      rule Pre-session and process fixture modes: cbb02ec0f54f61ce216a34cceabcf83b3f728c86661fb6237c98a78253c12e98
      invariant A session rejects overlapping prompts: 3f84aed1a8c324b530f0f8365fc85dc360f81c92ffaf57731e11e9fbbcf84a57
      rule The option set must stay unstable: e06d9cce4804ae10874e332c9a046f90af88a0aacec5e0e88299c3d8d15344c6
      invariant Session ids are monotonic, never reused: 566efd9c0feaf8f8b1991b01e586d71bae22a48826e8d80c703ba1b457c5e720
      invariant Every prompt turn is cancellable: 72306388638ca5e4a24a252c0a5fa1a86e07e0eaebbb31283c2ee3a54d79030a
      invariant The fixture advertises what it implements: 7b6948f47e174b42c7b2ed8373b7c90ddfe9580de31973d46f2994d38a0ee8ba
